
Microsoft Visual Studio Solution File, Format Version 11.00
# Visual C# Express 2010
Project("{FAE04EC0-301F-11D3-BF4B-00C04F79EFBC}") = "Pong", "Pong\Pong\Pong.csproj", "{C25D747A-52D4-44EA-AE16-512C332F03F2}"
EndProject
Project("{96E2B04D-8817-42C6-938A-82C39BA4D311}") = "PongContent", "Pong\PongContent\PongContent.contentproj", "{249E0FBE-739B-4FBC-98E5-D2DEF8746DBD}"
EndProject
Global
	GlobalSection(SolutionConfigurationPlatforms) = preSolution
		Debug|x86 = Debug|x86
		Release|x86 = Release|x86
	EndGlobalSection
	GlobalSection(ProjectConfigurationPlatforms) = postSolution
		{C25D747A-52D4-44EA-AE16-512C332F03F2}.Debug|x86.ActiveCfg = Debug|x86
		{C25D747A-52D4-44EA-AE16-512C332F03F2}.Debug|x86.Build.0 = Debug|x86
		{C25D747A-52D4-44EA-AE16-512C332F03F2}.Release|x86.ActiveCfg = Release|x86
		{C25D747A-52D4-44EA-AE16-512C332F03F2}.Release|x86.Build.0 = Release|x86
		{249E0FBE-739B-4FBC-98E5-D2DEF8746DBD}.Debug|x86.ActiveCfg = Debug|x86
		{249E0FBE-739B-4FBC-98E5-D2DEF8746DBD}.Release|x86.ActiveCfg = Release|x86
	EndGlobalSection
	GlobalSection(SolutionProperties) = preSolution
		HideSolutionNode = FALSE
	EndGlobalSection
EndGlobal
